{
  "name": "aws-toolkit-jetbrains",
  "lockfileVersion": 3,
  "requires": true,
  "packages": {
    "": {
      "dependencies": {
        "node": "^22.9.0",
        "vue-select": "^3.20.3"
      },
      "devDependencies": {
        "@types/vue-select": "^3.16.8"
      }
    },
    "node_modules/@babel/helper-string-parser": {
      "version": "7.24.8",
      "resolved": "https://registry.npmjs.org/@babel/helper-string-parser/-/helper-string-parser-7.24.8.tgz",
      "integrity": "sha512-pO9KhhRcuUyGnJWwyEgnRJTSIZHiT+vMD0kPeD+so0l7mxkMT19g3pjY9GTnHySck/hDzq+dtW/4VgnMkippsQ==",
      "license": "MIT",
      "engines": {
        "node": ">=6.9.0"
      }
    },
    "node_modules/@babel/helper-validator-identifier": {
      "version": "7.24.7",
      "resolved": "https://registry.npmjs.org/@babel/helper-validator-identifier/-/helper-validator-identifier-7.24.7.tgz",
      "integrity": "sha512-rR+PBcQ1SMQDDyF6X0wxtG8QyLCgUB0eRAGguqRLfkCA87l7yAP7ehq8SNj96OOGTO8OBV70KhuFYcIkHXOg0w==",
      "license": "MIT",
      "engines": {
        "node": ">=6.9.0"
      }
    },
    "node_modules/@babel/parser": {
      "version": "7.25.6",
      "resolved": "https://registry.npmjs.org/@babel/parser/-/parser-7.25.6.tgz",
      "integrity": "sha512-trGdfBdbD0l1ZPmcJ83eNxB9rbEax4ALFTF7fN386TMYbeCQbyme5cOEXQhbGXKebwGaB/J52w1mrklMcbgy6Q==",
      "license": "MIT",
      "dependencies": {
        "@babel/types": "^7.25.6"
      },
      "bin": {
        "parser": "bin/babel-parser.js"
      },
      "engines": {
        "node": ">=6.0.0"
      }
    },
    "node_modules/@babel/types": {
      "version": "7.25.6",
      "resolved": "https://registry.npmjs.org/@babel/types/-/types-7.25.6.tgz",
      "integrity": "sha512-/l42B1qxpG6RdfYf343Uw1vmDjeNhneUXtzhojE7pDgfpEypmRhI6j1kr17XCVv4Cgl9HdAiQY2x0GwKm7rWCw==",
      "license": "MIT",
      "dependencies": {
        "@babel/helper-string-parser": "^7.24.8",
        "@babel/helper-validator-identifier": "^7.24.7",
        "to-fast-properties": "^2.0.0"
      },
      "engines": {
        "node": ">=6.9.0"
      }
    },
    "node_modules/@types/vue-select": {
      "version": "3.16.8",
      "resolved": "https://registry.npmjs.org/@types/vue-select/-/vue-select-3.16.8.tgz",
      "integrity": "sha512-ZBovlBrWf/wnPqCmMw24ryIC7ghQLfIBmkl1qssqBGONdx7yOmi/GLwtPxll/6UwXWGNWMeokleOgVAZPis+Ag==",
      "dev": true,
      "license": "MIT",
      "dependencies": {
        "vue": "^2.0.0"
      }
    },
    "node_modules/@vue/compiler-sfc": {
      "version": "2.7.16",
      "resolved": "https://registry.npmjs.org/@vue/compiler-sfc/-/compiler-sfc-2.7.16.tgz",
      "integrity": "sha512-KWhJ9k5nXuNtygPU7+t1rX6baZeqOYLEforUPjgNDBnLicfHCoi48H87Q8XyLZOrNNsmhuwKqtpDQWjEFe6Ekg==",
      "dependencies": {
        "@babel/parser": "^7.23.5",
        "postcss": "^8.4.14",
        "source-map": "^0.6.1"
      },
      "optionalDependencies": {
        "prettier": "^1.18.2 || ^2.0.0"
      }
    },
    "node_modules/csstype": {
      "version": "3.1.3",
      "resolved": "https://registry.npmjs.org/csstype/-/csstype-3.1.3.tgz",
      "integrity": "sha512-M1uQkMl8rQK/szD0LNhtqxIPLpimGm8sOBwU7lLnCpSbTyY3yeU1Vc7l4KT5zT4s/yOxHH5O7tIuuLOCnLADRw==",
      "license": "MIT"
    },
    "node_modules/nanoid": {
      "version": "3.3.7",
      "resolved": "https://registry.npmjs.org/nanoid/-/nanoid-3.3.7.tgz",
      "integrity": "sha512-eSRppjcPIatRIMC1U6UngP8XFcz8MQWGQdt1MTBQ7NaAmvXDfvNxbvWV3x2y6CdEUciCSsDHDQZbhYaB8QEo2g==",
      "funding": [
        {
          "type": "github",
          "url": "https://github.com/sponsors/ai"
        }
      ],
      "license": "MIT",
      "bin": {
        "nanoid": "bin/nanoid.cjs"
      },
      "engines": {
        "node": "^10 || ^12 || ^13.7 || ^14 || >=15.0.1"
      }
    },
    "node_modules/node": {
      "version": "22.9.0",
      "resolved": "https://registry.npmjs.org/node/-/node-22.9.0.tgz",
      "integrity": "sha512-hdNcsLGOk7+ZHG5HW4HLWuNyIl5vilxpV82Cy4biKwjVkGzeUdMxtZBLiSo5H6QuQweyK+1MBK83M3gvsv+V5w==",
      "hasInstallScript": true,
      "license": "ISC",
      "dependencies": {
        "node-bin-setup": "^1.0.0"
      },
      "bin": {
        "node": "bin/node"
      },
      "engines": {
        "npm": ">=5.0.0"
      }
    },
    "node_modules/node-bin-setup": {
      "version": "1.1.3",
      "resolved": "https://registry.npmjs.org/node-bin-setup/-/node-bin-setup-1.1.3.tgz",
      "integrity": "sha512-opgw9iSCAzT2+6wJOETCpeRYAQxSopqQ2z+N6BXwIMsQQ7Zj5M8MaafQY8JMlolRR6R1UXg2WmhKp0p9lSOivg==",
      "license": "ISC"
    },
    "node_modules/picocolors": {
      "version": "1.1.0",
      "resolved": "https://registry.npmjs.org/picocolors/-/picocolors-1.1.0.tgz",
      "integrity": "sha512-TQ92mBOW0l3LeMeyLV6mzy/kWr8lkd/hp3mTg7wYK7zJhuBStmGMBG0BdeDZS/dZx1IukaX6Bk11zcln25o1Aw==",
      "license": "ISC"
    },
    "node_modules/postcss": {
      "version": "8.4.47",
      "resolved": "https://registry.npmjs.org/postcss/-/postcss-8.4.47.tgz",
      "integrity": "sha512-56rxCq7G/XfB4EkXq9Egn5GCqugWvDFjafDOThIdMBsI15iqPqR5r15TfSr1YPYeEI19YeaXMCbY6u88Y76GLQ==",
      "funding": [
        {
          "type": "opencollective",
          "url": "https://opencollective.com/postcss/"
        },
        {
          "type": "tidelift",
          "url": "https://tidelift.com/funding/github/npm/postcss"
        },
        {
          "type": "github",
          "url": "https://github.com/sponsors/ai"
        }
      ],
      "license": "MIT",
      "dependencies": {
        "nanoid": "^3.3.7",
        "picocolors": "^1.1.0",
        "source-map-js": "^1.2.1"
      },
      "engines": {
        "node": "^10 || ^12 || >=14"
      }
    },
    "node_modules/prettier": {
      "version": "2.8.8",
      "resolved": "https://registry.npmjs.org/prettier/-/prettier-2.8.8.tgz",
      "integrity": "sha512-tdN8qQGvNjw4CHbY+XXk0JgCXn9QiF21a55rBe5LJAU+kDyC4WQn4+awm2Xfk2lQMk5fKup9XgzTZtGkjBdP9Q==",
      "license": "MIT",
      "optional": true,
      "bin": {
        "prettier": "bin-prettier.js"
      },
      "engines": {
        "node": ">=10.13.0"
      },
      "funding": {
        "url": "https://github.com/prettier/prettier?sponsor=1"
      }
    },
    "node_modules/source-map": {
      "version": "0.6.1",
      "resolved": "https://registry.npmjs.org/source-map/-/source-map-0.6.1.tgz",
      "integrity": "sha512-UjgapumWlbMhkBgzT7Ykc5YXUT46F0iKu8SGXq0bcwP5dz/h0Plj6enJqjz1Zbq2l5WaqYnrVbwWOWMyF3F47g==",
      "license": "BSD-3-Clause",
      "engines": {
        "node": ">=0.10.0"
      }
    },
    "node_modules/source-map-js": {
      "version": "1.2.1",
      "resolved": "https://registry.npmjs.org/source-map-js/-/source-map-js-1.2.1.tgz",
      "integrity": "sha512-UXWMKhLOwVKb728IUtQPXxfYU+usdybtUrK/8uGE8CQMvrhOpwvzDBwj0QhSL7MQc7vIsISBG8VQ8+IDQxpfQA==",
      "license": "BSD-3-Clause",
      "engines": {
        "node": ">=0.10.0"
      }
    },
    "node_modules/to-fast-properties": {
      "version": "2.0.0",
      "resolved": "https://registry.npmjs.org/to-fast-properties/-/to-fast-properties-2.0.0.tgz",
      "integrity": "sha512-/OaKK0xYrs3DmxRYqL/yDc+FxFUVYhDlXMhRmv3z915w2HF1tnN1omB354j8VUGO/hbRzyD6Y3sA7v7GS/ceog==",
      "license": "MIT",
      "engines": {
        "node": ">=4"
      }
    },
    "node_modules/vue": {
      "version": "2.7.16",
      "resolved": "https://registry.npmjs.org/vue/-/vue-2.7.16.tgz",
      "integrity": "sha512-4gCtFXaAA3zYZdTp5s4Hl2sozuySsgz4jy1EnpBHNfpMa9dK1ZCG7viqBPCwXtmgc8nHqUsAu3G4gtmXkkY3Sw==",
      "deprecated": "Vue 2 has reached EOL and is no longer actively maintained. See https://v2.vuejs.org/eol/ for more details.",
      "license": "MIT",
      "dependencies": {
        "@vue/compiler-sfc": "2.7.16",
        "csstype": "^3.1.0"
      }
    },
    "node_modules/vue-select": {
      "version": "3.20.3",
      "resolved": "https://registry.npmjs.org/vue-select/-/vue-select-3.20.3.tgz",
      "integrity": "sha512-aDaq4rPBrDavh7NDLgAP8e0G8UNElh6vO3itGWjhf1y9KaGRWtFw21cUkSRHGgj0V5FlCG4EaRb1xdE/C9J+eg==",
      "license": "MIT",
      "peerDependencies": {
        "vue": "2.x"
      }
    }
  }
}
